// !$*UTF8*$!
{
	archiveVersion = 1;
	classes = {
	};
	objectVersion = 46;
	objects = {

/* Begin PBXBuildFile section */
		96CAE2F11AEEE8B200B8FB8A /* AppDelegate.swift in Sources */ = {isa = PBXBuildFile; fileRef = 96CAE2F01AEEE8B200B8FB8A /* AppDelegate.swift */; };
		96CAE2F31AEEE8B200B8FB8A /* ViewController.swift in Sources */ = {isa = PBXBuildFile; fileRef = 96CAE2F21AEEE8B200B8FB8A /* ViewController.swift */; };
		96CAE2F61AEEE8B200B8FB8A /* Main.storyboard in Resources */ = {isa = PBXBuildFile; fileRef = 96CAE2F41AEEE8B200B8FB8A /* Main.storyboard */; };
		96CAE2F81AEEE8B200B8FB8A /* Images.xcassets in Resources */ = {isa = PBXBuildFile; fileRef = 96CAE2F71AEEE8B200B8FB8A /* Images.xcassets */; };
		96CAE2FB1AEEE8B200B8FB8A /* LaunchScreen.xib in Resources */ = {isa = PBXBuildFile; fileRef = 96CAE2F91AEEE8B200B8FB8A /* LaunchScreen.xib */; };
		96CAE3071AEEE8B200B8FB8A /* sandboxTests.swift in Sources */ = {isa = PBXBuildFile; fileRef = 96CAE3061AEEE8B200B8FB8A /* sandboxTests.swift */; };
/* End PBXBuildFile section */

/* Begin PBXContainerItemProxy section */
		96CAE3011AEEE8B200B8FB8A /* PBXContainerItemProxy */ = {
			isa = PBXContainerItemProxy;
			containerPortal = 96CAE2E31AEEE8B200B8FB8A /* Project object */;
			proxyType = 1;
			remoteGlobalIDString = 96CAE2EA1AEEE8B200B8FB8A;
			remoteInfo = sandbox;
		};
/* End PBXContainerItemProxy section */

/* Begin PBXFileReference section */
		96CAE2EB1AEEE8B200B8FB8A /* sandbox.app */ = {isa = PBXFileReference; explicitFileType = wrapper.application; includeInIndex = 0; path = sandbox.app; sourceTree = BUILT_PRODUCTS_DIR; };
		96CAE2EF1AEEE8B200B8FB8A /* Info.plist */ = {isa = PBXFileReference; lastKnownFileType = text.plist.xml; path = Info.plist; sourceTree = "<group>"; };
		96CAE2F01AEEE8B200B8FB8A /* AppDelegate.swift */ = {isa = PBXFileReference; lastKnownFileType = sourcecode.swift; path = AppDelegate.swift; sourceTree = "<group>"; };
		96CAE2F21AEEE8B200B8FB8A /* ViewController.swift */ = {isa = PBXFileReference; lastKnownFileType = sourcecode.swift; path = ViewController.swift; sourceTree = "<group>"; };
		96CAE2F51AEEE8B200B8FB8A /* Base */ = {isa = PBXFileReference; lastKnownFileType = file.storyboard; name = Base; path = Base.lproj/Main.storyboard; sourceTree = "<group>"; };
		96CAE2F71AEEE8B200B8FB8A /* Images.xcassets */ = {isa = PBXFileReference; lastKnownFileType = folder.assetcatalog; path = Images.xcassets; sourceTree = "<group>"; };
		96CAE2FA1AEEE8B200B8FB8A /* Base */ = {isa = PBXFileReference; lastKnownFileType = file.xib; name = Base; path = Base.lproj/LaunchScreen.xib; sourceTree = "<group>"; };
		96CAE3001AEEE8B200B8FB8A /* sandboxTests.xctest */ = {isa = PBXFileReference; explicitFileType = wrapper.cfbundle; includeInIndex = 0; path = sandboxTests.xctest; sourceTree = BUILT_PRODUCTS_DIR; };
		96CAE3051AEEE8B200B8FB8A /* Info.plist */ = {isa = PBXFileReference; lastKnownFileType = text.plist.xml; path = Info.plist; sourceTree = "<group>"; };
		96CAE3061AEEE8B200B8FB8A /* sandboxTests.swift */ = {isa = PBXFileReference; lastKnownFileType = sourcecode.swift; path = sandboxTests.swift; sourceTree = "<group>"; };
/* End PBXFileReference section */

/* Begin PBXFrameworksBuildPhase section */
		96CAE2E81AEEE8B200B8FB8A /* Frameworks */ = {
			isa = PBXFrameworksBuildPhase;
			buildActionMask = 2147483647;
			files = (
			);
			runOnlyForDeploymentPostprocessing = 0;
		};
		96CAE2FD1AEEE8B200B8FB8A /* Frameworks */ = {
			isa = PBXFrameworksBuildPhase;
			buildActionMask = 2147483647;
			files = (
			);
			runOnlyForDeploymentPostprocessing = 0;
		};
/* End PBXFrameworksBuildPhase section */

/* Begin PBXGroup section */
		96CAE2E21AEEE8B200B8FB8A = {
			isa = PBXGroup;
			children = (
				96CAE2ED1AEEE8B200B8FB8A /* sandbox */,
				96CAE3031AEEE8B200B8FB8A /* sandboxTests */,
				96CAE2EC1AEEE8B200B8FB8A /* Products */,
			);
			sourceTree = "<group>";
		};
		96CAE2EC1AEEE8B200B8FB8A /* Products */ = {
			isa = PBXGroup;
			children = (
				96CAE2EB1AEEE8B200B8FB8A /* sandbox.app */,
				96CAE3001AEEE8B200B8FB8A /* sandboxTests.xctest */,
			);
			name = Products;
			sourceTree = "<group>";
		};
		96CAE2ED1AEEE8B200B8FB8A /* sandbox */ = {
			isa = PBXGroup;
			children = (
				96CAE2F01AEEE8B200B8FB8A /* AppDelegate.swift */,
				96CAE2F21AEEE8B200B8FB8A /* ViewController.swift */,
				96CAE2F41AEEE8B200B8FB8A /* Main.storyboard */,
				96CAE2F71AEEE8B200B8FB8A /* Images.xcassets */,
				96CAE2F91AEEE8B200B8FB8A /* LaunchScreen.xib */,
				96CAE2EE1AEEE8B200B8FB8A /* Supporting Files */,
			);
			path = sandbox;
			sourceTree = "<group>";
		};
		96CAE2EE1AEEE8B200B8FB8A /* Supporting Files */ = {
			isa = PBXGroup;
			children = (
				96CAE2EF1AEEE8B200B8FB8A /* Info.plist */,
			);
			name = "Supporting Files";
			sourceTree = "<group>";
		};
		96CAE3031AEEE8B200B8FB8A /* sandboxTests */ = {
			isa = PBXGroup;
			children = (
				96CAE3061AEEE8B200B8FB8A /* sandboxTests.swift */,
				96CAE3041AEEE8B200B8FB8A /* Supporting Files */,
			);
			path = sandboxTests;
			sourceTree = "<group>";
		};
		96CAE3041AEEE8B200B8FB8A /* Supporting Files */ = {
			isa = PBXGroup;
			children = (
				96CAE3051AEEE8B200B8FB8A /* Info.plist */,
			);
			name = "Supporting Files";
			sourceTree = "<group>";
		};
/* End PBXGroup section */

/* Begin PBXNativeTarget section */
		96CAE2EA1AEEE8B200B8FB8A /* sandbox */ = {
			isa = PBXNativeTarget;
			buildConfigurationList = 96CAE30A1AEEE8B200B8FB8A /* Build configuration list for PBXNativeTarget "sandbox" */;
			buildPhases = (
				96CAE2E71AEEE8B200B8FB8A /* Sources */,
				96CAE2E81AEEE8B200B8FB8A /* Frameworks */,
				96CAE2E91AEEE8B200B8FB8A /* Resources */,
			);
			buildRules = (
			);
			dependencies = (
			);
			name = sandbox;
			productName = sandbox;
			productReference = 96CAE2EB1AEEE8B200B8FB8A /* sandbox.app */;
			productType = "com.apple.product-type.application";
		};
		96CAE2FF1AEEE8B200B8FB8A /* sandboxTests */ = {
			isa = PBXNativeTarget;
			buildConfigurationList = 96CAE30D1AEEE8B200B8FB8A /* Build configuration list for PBXNativeTarget "sandboxTests" */;
			buildPhases = (
				96CAE2FC1AEEE8B200B8FB8A /* Sources */,
				96CAE2FD1AEEE8B200B8FB8A /* Frameworks */,
				96CAE2FE1AEEE8B200B8FB8A /* Resources */,
			);
			buildRules = (
			);
			dependencies = (
				96CAE3021AEEE8B200B8FB8A /* PBXTargetDependency */,
			);
			name = sandboxTests;
			productName = sandboxTests;
			productReference = 96CAE3001AEEE8B200B8FB8A /* sandboxTests.xctest */;
			productType = "com.apple.product-type.bundle.unit-test";
		};
/* End PBXNativeTarget section */

/* Begin PBXProject section */
		96CAE2E31AEEE8B200B8FB8A /* Project object */ = {
			isa = PBXProject;
			attributes = {
				LastUpgradeCheck = 0630;
				ORGANIZATIONNAME = "Wade Mebed";
				TargetAttributes = {
					96CAE2EA1AEEE8B200B8FB8A = {
						CreatedOnToolsVersion = 6.3;
						DevelopmentTeam = V65ZFJ5E5B;
					};
					96CAE2FF1AEEE8B200B8FB8A = {
						CreatedOnToolsVersion = 6.3;
						TestTargetID = 96CAE2EA1AEEE8B200B8FB8A;
					};
				};
			};
			buildConfigurationList = 96CAE2E61AEEE8B200B8FB8A /* Build configuration list for PBXProject "sandbox" */;
			compatibilityVersion = "Xcode 3.2";
			developmentRegion = English;
			hasScannedForEncodings = 0;
			knownRegions = (
				en,
				Base,
			);
			mainGroup = 96CAE2E21AEEE8B200B8FB8A;
			productRefGroup = 96CAE2EC1AEEE8B200B8FB8A /* Products */;
			projectDirPath = "";
			projectRoot = "";
			targets = (
				96CAE2EA1AEEE8B200B8FB8A /* sandbox */,
				96CAE2FF1AEEE8B200B8FB8A /* sandboxTests */,
			);
		};
/* End PBXProject section */

/* Begin PBXResourcesBuildPhase section */
		96CAE2E91AEEE8B200B8FB8A /* Resources */ = {
			isa = PBXResourcesBuildPhase;
			buildActionMask = 2147483647;
			files = (
				96CAE2F61AEEE8B200B8FB8A /* Main.storyboard in Resources */,
				96CAE2FB1AEEE8B200B8FB8A /* LaunchScreen.xib in Resources */,
				96CAE2F81AEEE8B200B8FB8A /* Images.xcassets in Resources */,
			);
			runOnlyForDeploymentPostprocessing = 0;
		};
		96CAE2FE1AEEE8B200B8FB8A /* Resources */ = {
			isa = PBXResourcesBuildPhase;
			buildActionMask = 2147483647;
			files = (
			);
			runOnlyForDeploymentPostprocessing = 0;
		};
/* End PBXResourcesBuildPhase section */

/* Begin PBXSourcesBuildPhase section */
		96CAE2E71AEEE8B200B8FB8A /* Sources */ = {
			isa = PBXSourcesBuildPhase;
			buildActionMask = 2147483647;
			files = (
				96CAE2F31AEEE8B200B8FB8A /* ViewController.swift in Sources */,
				96CAE2F11AEEE8B200B8FB8A /* AppDelegate.swift in Sources */,
			);
			runOnlyForDeploymentPostprocessing = 0;
		};
		96CAE2FC1AEEE8B200B8FB8A /* Sources */ = {
			isa = PBXSourcesBuildPhase;
			buildActionMask = 2147483647;
			files = (
				96CAE3071AEEE8B200B8FB8A /* sandboxTests.swift in Sources */,
			);
			runOnlyForDeploymentPostprocessing = 0;
		};
/* End PBXSourcesBuildPhase section */

/* Begin PBXTargetDependency section */
		96CAE3021AEEE8B200B8FB8A /* PBXTargetDependency */ = {
			isa = PBXTargetDependency;
			target = 96CAE2EA1AEEE8B200B8FB8A /* sandbox */;
			targetProxy = 96CAE3011AEEE8B200B8FB8A /* PBXContainerItemProxy */;
		};
/* End PBXTargetDependency section */

/* Begin PBXVariantGroup section */
		96CAE2F41AEEE8B200B8FB8A /* Main.storyboard */ = {
			isa = PBXVariantGroup;
			children = (
				96CAE2F51AEEE8B200B8FB8A /* Base */,
			);
			name = Main.storyboard;
			sourceTree = "<group>";
		};
		96CAE2F91AEEE8B200B8FB8A /* LaunchScreen.xib */ = {
			isa = PBXVariantGroup;
			children = (
				96CAE2FA1AEEE8B200B8FB8A /* Base */,
			);
			name = LaunchScreen.xib;
			sourceTree = "<group>";
		};
/* End PBXVariantGroup section */

/* Begin XCBuildConfiguration section */
		96CAE3081AEEE8B200B8FB8A /* Debug */ = {
			isa = XCBuildConfiguration;
			buildSettings = {
				ALWAYS_SEARCH_USER_PATHS = NO;
				CLANG_CXX_LANGUAGE_STANDARD = "gnu++0x";
				CLANG_CXX_LIBRARY = "libc++";
				CLANG_ENABLE_MODULES = YES;
				CLANG_ENABLE_OBJC_ARC = YES;
				CLANG_WARN_BOOL_CONVERSION = YES;
				CLANG_WARN_CONSTANT_CONVERSION = YES;
				CLANG_WARN_DIRECT_OBJC_ISA_USAGE = YES_ERROR;
				CLANG_WARN_EMPTY_BODY = YES;
				CLANG_WARN_ENUM_CONVERSION = YES;
				CLANG_WARN_INT_CONVERSION = YES;
				CLANG_WARN_OBJC_ROOT_CLASS = YES_ERROR;
				CLANG_WARN_UNREACHABLE_CODE = YES;
				CLANG_WARN__DUPLICATE_METHOD_MATCH = YES;
				"CODE_SIGN_IDENTITY[sdk=iphoneos*]" = "iPhone Developer";
				COPY_PHASE_STRIP = NO;
				DEBUG_INFORMATION_FORMAT = "dwarf-with-dsym";
				ENABLE_STRICT_OBJC_MSGSEND = YES;
				GCC_C_LANGUAGE_STANDARD = gnu99;
				GCC_DYNAMIC_NO_PIC = NO;
				GCC_NO_COMMON_BLOCKS = YES;
				GCC_OPTIMIZATION_LEVEL = 0;
				GCC_PREPROCESSOR_DEFINITIONS = (
					"DEBUG=1",
					"$(inherited)",
				);
				GCC_SYMBOLS_PRIVATE_EXTERN = NO;
				GCC_WARN_64_TO_32_BIT_CONVERSION = YES;
				GCC_WARN_ABOUT_RETURN_TYPE = YES_ERROR;
				GCC_WARN_UNDECLARED_SELECTOR = YES;
				GCC_WARN_UNINITIALIZED_AUTOS = YES_AGGRESSIVE;
				GCC_WARN_UNUSED_FUNCTION = YES;
				GCC_WARN_UNUSED_VARIABLE = YES;
				IPHONEOS_DEPLOYMENT_TARGET = 8.3;
				MTL_ENABLE_DEBUG_INFO = YES;
				ONLY_ACTIVE_ARCH = YES;
				SDKROOT = iphoneos;
				SWIFT_OPTIMIZATION_LEVEL = "-Onone";
			};
			name = Debug;
		};
		96CAE3091AEEE8B200B8FB8A /* Release */ = {
			isa = XCBuildConfiguration;
			buildSettings = {
				ALWAYS_SEARCH_USER_PATHS = NO;
				CLANG_CXX_LANGUAGE_STANDARD = "gnu++0x";
				CLANG_CXX_LIBRARY = "libc++";
				CLANG_ENABLE_MODULES = YES;
				CLANG_ENABLE_OBJC_ARC = YES;
				CLANG_WARN_BOOL_CONVERSION = YES;
				CLANG_WARN_CONSTANT_CONVERSION = YES;
				CLANG_WARN_DIRECT_OBJC_ISA_USAGE = YES_ERROR;
				CLANG_WARN_EMPTY_BODY = YES;
				CLANG_WARN_ENUM_CONVERSION = YES;
				CLANG_WARN_INT_CONVERSION = YES;
				CLANG_WARN_OBJC_ROOT_CLASS = YES_ERROR;
				CLANG_WARN_UNREACHABLE_CODE = YES;
				CLANG_WARN__DUPLICATE_METHOD_MATCH = YES;
				"CODE_SIGN_IDENTITY[sdk=iphoneos*]" = "iPhone Developer";
				COPY_PHASE_STRIP = NO;
				DEBUG_INFORMATION_FORMAT = "dwarf-with-dsym";
				ENABLE_NS_ASSERTIONS = NO;
				ENABLE_STRICT_OBJC_MSGSEND = YES;
				GCC_C_LANGUAGE_STANDARD = gnu99;
				GCC_NO_COMMON_BLOCKS = YES;
				GCC_WARN_64_TO_32_BIT_CONVERSION = YES;
				GCC_WARN_ABOUT_RETURN_TYPE = YES_ERROR;
				GCC_WARN_UNDECLARED_SELECTOR = YES;
				GCC_WARN_UNINITIALIZED_AUTOS = YES_AGGRESSIVE;
				GCC_WARN_UNUSED_FUNCTION = YES;
				GCC_WARN_UNUSED_VARIABLE = YES;
				IPHONEOS_DEPLOYMENT_TARGET = 8.3;
				MTL_ENABLE_DEBUG_INFO = NO;
				SDKROOT = iphoneos;
				VALIDATE_PRODUCT = YES;
			};
			name = Release;
		};
		96CAE30B1AEEE8B200B8FB8A /* Debug */ = {
			isa = XCBuildConfiguration;
			buildSettings = {
				ASSETCATALOG_COMPILER_APPICON_NAME = AppIcon;
				CODE_SIGN_IDENTITY = "iPhone Developer";
				"CODE_SIGN_IDENTITY[sdk=iphoneos*]" = "iPhone Developer";
				INFOPLIST_FILE = sandbox/Info.plist;
				LD_RUNPATH_SEARCH_PATHS = "$(inherited) @executable_path/Frameworks";
				PRODUCT_NAME = "$(TARGET_NAME)";
				PROVISIONING_PROFILE = "";
			};
			name = Debug;
		};
		96CAE30C1AEEE8B200B8FB8A /* Release */ = {
			isa = XCBuildConfiguration;
			buildSettings = {
				ASSETCATALOG_COMPILER_APPICON_NAME = AppIcon;
				CODE_SIGN_IDENTITY = "iPhone Developer";
				"CODE_SIGN_IDENTITY[sdk=iphoneos*]" = "iPhone Developer";
				INFOPLIST_FILE = sandbox/Info.plist;
				LD_RUNPATH_SEARCH_PATHS = "$(inherited) @executable_path/Frameworks";
				PRODUCT_NAME = "$(TARGET_NAME)";
				PROVISIONING_PROFILE = "";
			};
			name = Release;
		};
		96CAE30E1AEEE8B200B8FB8A /* Debug */ = {
			isa = XCBuildConfiguration;
			buildSettings = {
				BUNDLE_LOADER = "$(TEST_HOST)";
				FRAMEWORK_SEARCH_PATHS = (
					"$(SDKROOT)/Developer/Library/Frameworks",
					"$(inherited)",
				);
				GCC_PREPROCESSOR_DEFINITIONS = (
					"DEBUG=1",
					"$(inherited)",
				);
				INFOPLIST_FILE = sandboxTests/Info.plist;
				LD_RUNPATH_SEARCH_PATHS = "$(inherited) @executable_path/Frameworks @loader_path/Frameworks";
				PRODUCT_NAME = "$(TARGET_NAME)";
				TEST_HOST = "$(BUILT_PRODUCTS_DIR)/sandbox.app/sandbox";
			};
			name = Debug;
		};
		96CAE30F1AEEE8B200B8FB8A /* Release */ = {
			isa = XCBuildConfiguration;
			buildSettings = {
				BUNDLE_LOADER = "$(TEST_HOST)";
				FRAMEWORK_SEARCH_PATHS = (
					"$(SDKROOT)/Developer/Library/Frameworks",
					"$(inherited)",
				);
				INFOPLIST_FILE = sandboxTests/Info.plist;
				LD_RUNPATH_SEARCH_PATHS = "$(inherited) @executable_path/Frameworks @loader_path/Frameworks";
				PRODUCT_NAME = "$(TARGET_NAME)";
				TEST_HOST = "$(BUILT_PRODUCTS_DIR)/sandbox.app/sandbox";
			};
			name = Release;
		};
/* End XCBuildConfiguration section */

/* Begin XCConfigurationList section */
		96CAE2E61AEEE8B200B8FB8A /* Build configuration list for PBXProject "sandbox" */ = {
			isa = XCConfigurationList;
			buildConfigurations = (
				96CAE3081AEEE8B200B8FB8A /* Debug */,
				96CAE3091AEEE8B200B8FB8A /* Release */,
			);
			defaultConfigurationIsVisible = 0;
			defaultConfigurationName = Release;
		};
		96CAE30A1AEEE8B200B8FB8A /* Build configuration list for PBXNativeTarget "sandbox" */ = {
			isa = XCConfigurationList;
			buildConfigurations = (
				96CAE30B1AEEE8B200B8FB8A /* Debug */,
				96CAE30C1AEEE8B200B8FB8A /* Release */,
			);
			defaultConfigurationIsVisible = 0;
			defaultConfigurationName = Release;
		};
		96CAE30D1AEEE8B200B8FB8A /* Build configuration list for PBXNativeTarget "sandboxTests" */ = {
			isa = XCConfigurationList;
			buildConfigurations = (
				96CAE30E1AEEE8B200B8FB8A /* Debug */,
				96CAE30F1AEEE8B200B8FB8A /* Release */,
			);
			defaultConfigurationIsVisible = 0;
			defaultConfigurationName = Release;
		};
/* End XCConfigurationList section */
	};
	rootObject = 96CAE2E31AEEE8B200B8FB8A /* Project object */;
}
